PackratFormat: 1.4
PackratVersion: 0.4.8.1
RVersion: 3.4.2
Repos: CRAN=https://cran.rstudio.com/

Package: BH
Source: CRAN
Version: 1.65.0-1

Package: R6
Source: CRAN
Version: 2.2.2
Hash: b2366cd9d2f3851a5704b4e192b985c2

Package: Rcpp
Source: CRAN
Version: 0.12.13
Hash: b9d8d89ff10ca2d8bfdaccdf83045ba1

Package: assertthat
Source: CRAN
Version: 0.2.0
Hash: e8805df54c65ac96d50235c44a82615c

Package: backports
Source: CRAN
Version: 1.1.1
Hash: add136c9d4540b96290e9cc438763da7

Package: base64enc
Source: CRAN
Version: 0.1-3
Hash: c590d29e555926af053055e23ee79efb

Package: bindr
Source: CRAN
Version: 0.1
Hash: e3a02070cf705d3ad1c5af1635a515a3

Package: bindrcpp
Source: CRAN
Version: 0.2
Requires: Rcpp, bindr, plogr
Hash: 333442cbcde0c8e4753ffeefa0908c7f

Package: bitops
Source: CRAN
Version: 1.0-6
Hash: 67d0775189fd0041d95abca618c5c07e

Package: caTools
Source: CRAN
Version: 1.17.1
Requires: bitops
Hash: 97cb6f6293cd18d17df77a6383cc6763

Package: curl
Source: CRAN
Version: 3.0
Hash: fb0029f1c84bf9b510c4f55cda7103f1

Package: digest
Source: CRAN
Version: 0.6.12
Hash: e53fb8c58673df868183697e39a6a4d6

Package: doParallel
Source: CRAN
Version: 1.0.11
Requires: foreach, iterators
Hash: cb602c6ef64eced7c8f32b206d4d74b4

Package: dplyr
Source: CRAN
Version: 0.7.4
Requires: BH, R6, Rcpp, assertthat, bindrcpp, glue, magrittr,
    pkgconfig, plogr, rlang, tibble
Hash: 270277bb26bea8bcdbec3e8f863cb7f2

Package: evaluate
Source: CRAN
Version: 0.10.1
Requires: stringr
Hash: 54d95f4ec6d0300100413ed0127d89ae

Package: foreach
Source: CRAN
Version: 1.4.3
Requires: iterators
Hash: cd53ef4cf29dc59ce3f8c5c1af735fd1

Package: glue
Source: CRAN
Version: 1.2.0
Hash: 381e42baedecc633c0e547a0c7ca9de7

Package: highr
Source: CRAN
Version: 0.6
Hash: aa3d5b7912b5fed4b546ed5cd2a1760b

Package: htmltools
Source: CRAN
Version: 0.3.6
Requires: Rcpp, digest
Hash: 34e5c725d3ae30a76516792edcc16f24

Package: httr
Source: CRAN
Version: 1.3.1
Requires: R6, curl, jsonlite, mime, openssl
Hash: 2d32e01e53d532c812052e27a1021441

Package: iterators
Source: CRAN
Version: 1.0.8
Hash: 488b93c2a4166db0d15f1e8d882cb1d4

Package: jsonlite
Source: CRAN
Version: 1.5
Hash: 9c51936d8dd00b2f1d4fe9d10499694c

Package: knitr
Source: CRAN
Version: 1.17
Requires: digest, evaluate, highr, markdown, stringr, yaml
Hash: f6b2bf543ee3e25f5b92bb46f9958c5f

Package: magrittr
Source: CRAN
Version: 1.5
Hash: bdc4d48c3135e8f3b399536ddf160df4

Package: markdown
Source: CRAN
Version: 0.8
Requires: mime
Hash: 045d7c594d503b41f1c28946d076c8aa

Package: mime
Source: CRAN
Version: 0.5
Hash: 463550cf44fb6f0a2359368f42eebe62

Package: openssl
Source: CRAN
Version: 0.9.9
Hash: 3858537ac10388a5db1687450908f257

Package: packrat
Source: CRAN
Version: 0.4.8-1
Hash: 6ad605ba7b4b476d84be6632393f5765

Package: pkgconfig
Source: CRAN
Version: 2.0.1
Hash: 0dda4a2654a22b36a715c2b0b6fbacac

Package: plogr
Source: CRAN
Version: 0.1-1

Package: purrr
Source: CRAN
Version: 0.2.4
Requires: magrittr, rlang, tibble
Hash: a80b244ccd3fdb33a0ff2be3c50dd648

Package: rlang
Source: CRAN
Version: 0.1.4
Hash: fef2abdadbb8db061b9d37e7ca5cb0b4

Package: rmarkdown
Source: CRAN
Version: 1.8
Requires: base64enc, evaluate, htmltools, jsonlite, knitr, mime,
    rprojroot, stringr, yaml
Hash: 2a7842e3cee62a79dd737d17e9e9d86b

Package: rprojroot
Source: CRAN
Version: 1.2
Requires: backports
Hash: fdcac51a7f47decd60556ceefc3c26b1

Package: rvest
Source: CRAN
Version: 0.3.2
Requires: httr, magrittr, selectr, xml2
Hash: c69f7526520bad66fd2111ebe8b1364b

Package: selectr
Source: CRAN
Version: 0.3-1
Requires: stringr
Hash: 367275e3dcdd208339e131c7a41bec56

Package: stringi
Source: CRAN
Version: 1.1.6
Hash: 4430faf2bcbe1b8de0d9be55bcfdcc0b

Package: stringr
Source: CRAN
Version: 1.2.0
Requires: magrittr, stringi
Hash: 25a86d7f410513ebb7c0bc6a5e16bdc3

Package: tibble
Source: CRAN
Version: 1.3.4
Requires: Rcpp, rlang
Hash: 3b72bdedb6c27fb216574ab9b15f2d43

Package: tidyr
Source: CRAN
Version: 0.7.2
Requires: Rcpp, dplyr, glue, magrittr, purrr, rlang, stringi, tibble,
    tidyselect
Hash: be0c92fa0a2b71ae11596e4166891314

Package: tidyselect
Source: CRAN
Version: 0.2.3
Requires: Rcpp, glue, purrr, rlang
Hash: d6505593309872018404925991bff808

Package: xml2
Source: CRAN
Version: 1.1.1
Requires: BH, Rcpp
Hash: e59e0db73bf5dfad9353543b714b76e9

Package: yaml
Source: CRAN
Version: 2.1.14
Hash: c81230c3a7d9ba20607ad6b4331173d1
